
Microsoft Visual Studio Solution File, Format Version 12.00
# Visual Studio Version 17
VisualStudioVersion = 17.14.36908.2 d17.14
MinimumVisualStudioVersion = 10.0.40219.1
Project("{FAE04EC0-301F-11D3-BF4B-00C04F79EFBC}") = "Yxlon", "Yxlon.csproj", "{73D2C86E-B573-4621-BA51-D199A9147BB5}"
EndProject
Global
	GlobalSection(SolutionConfigurationPlatforms) = preSolution
		Debug|Any CPU = Debug|Any CPU
		Release|Any CPU = Release|Any CPU
	EndGlobalSection
	GlobalSection(ProjectConfigurationPlatforms) = postSolution
		{73D2C86E-B573-4621-BA51-D199A9147BB5}.Debug|Any CPU.ActiveCfg = Debug|Any CPU
		{73D2C86E-B573-4621-BA51-D199A9147BB5}.Debug|Any CPU.Build.0 = Debug|Any CPU
		{73D2C86E-B573-4621-BA51-D199A9147BB5}.Release|Any CPU.ActiveCfg = Release|Any CPU
		{73D2C86E-B573-4621-BA51-D199A9147BB5}.Release|Any CPU.Build.0 = Release|Any CPU
	EndGlobalSection
	GlobalSection(SolutionProperties) = preSolution
		HideSolutionNode = FALSE
	EndGlobalSection
	GlobalSection(ExtensibilityGlobals) = postSolution
		SolutionGuid = {CAFB4D30-41C2-474E-94AC-B1EB4D7F42E4}
	EndGlobalSection
EndGlobal
